
Microsoft Visual Studio Solution File, Format Version 12.00
Project("{FAE04EC0-301F-11D3-BF4B-00C04F79EFBC}") = "TelTar", "TelTar\TelTar.csproj", "{43C05C89-B20B-472E-ACB9-9E25C4F6E378}"
EndProject
Global
	GlobalSection(SolutionConfigurationPlatforms) = preSolution
		Debug|Any CPU = Debug|Any CPU
		Release|Any CPU = Release|Any CPU
	EndGlobalSection
	GlobalSection(ProjectConfigurationPlatforms) = postSolution
		{43C05C89-B20B-472E-ACB9-9E25C4F6E378}.Debug|Any CPU.ActiveCfg = Debug|Any CPU
		{43C05C89-B20B-472E-ACB9-9E25C4F6E378}.Debug|Any CPU.Build.0 = Debug|Any CPU
		{43C05C89-B20B-472E-ACB9-9E25C4F6E378}.Release|Any CPU.ActiveCfg = Release|Any CPU
		{43C05C89-B20B-472E-ACB9-9E25C4F6E378}.Release|Any CPU.Build.0 = Release|Any CPU
	EndGlobalSection
EndGlobal
